
Microsoft Visual Studio Solution File, Format Version 12.00
# Visual Studio Version 17
VisualStudioVersion = 17.8.34330.188
MinimumVisualStudioVersion = 10.0.40219.1
Project("{FAE04EC0-301F-11D3-BF4B-00C04F79EFBC}") = "JavaCity.Android", "JavaCity\JavaCity.Android\JavaCity.Android.csproj", "{80F3688E-E99F-4AEC-8D34-44C045EC1254}"
EndProject
Project("{FAE04EC0-301F-11D3-BF4B-00C04F79EFBC}") = "JavaCity", "JavaCity\JavaCity\JavaCity.csproj", "{ABF6B2BE-7BAE-4D6E-963A-9FB10D46DCAA}"
EndProject
Global
	GlobalSection(SolutionConfigurationPlatforms) = preSolution
		Debug|Any CPU = Debug|Any CPU
		Release|Any CPU = Release|Any CPU
	EndGlobalSection
	GlobalSection(ProjectConfigurationPlatforms) = postSolution
		{80F3688E-E99F-4AEC-8D34-44C045EC1254}.Debug|Any CPU.ActiveCfg = Debug|Any CPU
		{80F3688E-E99F-4AEC-8D34-44C045EC1254}.Debug|Any CPU.Build.0 = Debug|Any CPU
		{80F3688E-E99F-4AEC-8D34-44C045EC1254}.Debug|Any CPU.Deploy.0 = Debug|Any CPU
		{80F3688E-E99F-4AEC-8D34-44C045EC1254}.Release|Any CPU.ActiveCfg = Release|Any CPU
		{80F3688E-E99F-4AEC-8D34-44C045EC1254}.Release|Any CPU.Build.0 = Release|Any CPU
		{80F3688E-E99F-4AEC-8D34-44C045EC1254}.Release|Any CPU.Deploy.0 = Release|Any CPU
		{ABF6B2BE-7BAE-4D6E-963A-9FB10D46DCAA}.Debug|Any CPU.ActiveCfg = Debug|Any CPU
		{ABF6B2BE-7BAE-4D6E-963A-9FB10D46DCAA}.Debug|Any CPU.Build.0 = Debug|Any CPU
		{ABF6B2BE-7BAE-4D6E-963A-9FB10D46DCAA}.Debug|Any CPU.Deploy.0 = Debug|Any CPU
		{ABF6B2BE-7BAE-4D6E-963A-9FB10D46DCAA}.Release|Any CPU.ActiveCfg = Release|Any CPU
		{ABF6B2BE-7BAE-4D6E-963A-9FB10D46DCAA}.Release|Any CPU.Build.0 = Release|Any CPU
		{ABF6B2BE-7BAE-4D6E-963A-9FB10D46DCAA}.Release|Any CPU.Deploy.0 = Release|Any CPU
	EndGlobalSection
	GlobalSection(SolutionProperties) = preSolution
		HideSolutionNode = FALSE
	EndGlobalSection
	GlobalSection(ExtensibilityGlobals) = postSolution
		SolutionGuid = {ED4DACF8-27AB-4F3C-A78A-3C4509E04ADD}
	EndGlobalSection
EndGlobal
